
Microsoft Visual Studio Solution File, Format Version 12.00
# Visual Studio Version 17
VisualStudioVersion = 17.4.33213.308
MinimumVisualStudioVersion = 10.0.40219.1
Project("{FAE04EC0-301F-11D3-BF4B-00C04F79EFBC}") = "FizzBuzz", "FizzBuzz\FizzBuzz.csproj", "{6CAF7218-F091-47C3-91A6-CECFD0E068FC}"
EndProject
Project("{FAE04EC0-301F-11D3-BF4B-00C04F79EFBC}") = "FizzBuzzTest", "FizzBuzzTest\FizzBuzzTest.csproj", "{D815B629-92A4-4758-97F9-EE65BCCBB6C3}"
EndProject
Project("{FAE04EC0-301F-11D3-BF4B-00C04F79EFBC}") = "FuzzBizzApp", "FuzzBizzApp\FuzzBizzApp.csproj", "{AF905A30-0560-4BEE-A7B8-311BE02B801C}"
EndProject
Global
	GlobalSection(SolutionConfigurationPlatforms) = preSolution
		Debug|Any CPU = Debug|Any CPU
		Release|Any CPU = Release|Any CPU
	EndGlobalSection
	GlobalSection(ProjectConfigurationPlatforms) = postSolution
		{6CAF7218-F091-47C3-91A6-CECFD0E068FC}.Debug|Any CPU.ActiveCfg = Debug|Any CPU
		{6CAF7218-F091-47C3-91A6-CECFD0E068FC}.Debug|Any CPU.Build.0 = Debug|Any CPU
		{6CAF7218-F091-47C3-91A6-CECFD0E068FC}.Release|Any CPU.ActiveCfg = Release|Any CPU
		{6CAF7218-F091-47C3-91A6-CECFD0E068FC}.Release|Any CPU.Build.0 = Release|Any CPU
		{D815B629-92A4-4758-97F9-EE65BCCBB6C3}.Debug|Any CPU.ActiveCfg = Debug|Any CPU
		{D815B629-92A4-4758-97F9-EE65BCCBB6C3}.Debug|Any CPU.Build.0 = Debug|Any CPU
		{D815B629-92A4-4758-97F9-EE65BCCBB6C3}.Release|Any CPU.ActiveCfg = Release|Any CPU
		{D815B629-92A4-4758-97F9-EE65BCCBB6C3}.Release|Any CPU.Build.0 = Release|Any CPU
		{AF905A30-0560-4BEE-A7B8-311BE02B801C}.Debug|Any CPU.ActiveCfg = Debug|Any CPU
		{AF905A30-0560-4BEE-A7B8-311BE02B801C}.Debug|Any CPU.Build.0 = Debug|Any CPU
		{AF905A30-0560-4BEE-A7B8-311BE02B801C}.Release|Any CPU.ActiveCfg = Release|Any CPU
		{AF905A30-0560-4BEE-A7B8-311BE02B801C}.Release|Any CPU.Build.0 = Release|Any CPU
	EndGlobalSection
	GlobalSection(SolutionProperties) = preSolution
		HideSolutionNode = FALSE
	EndGlobalSection
	GlobalSection(ExtensibilityGlobals) = postSolution
		SolutionGuid = {63E65551-D6E7-4435-B93F-F8B10F72AD93}
	EndGlobalSection
EndGlobal
